
Microsoft Visual Studio Solution File, Format Version 12.00
# Visual Studio Version 17
VisualStudioVersion = 17.11.35312.102
MinimumVisualStudioVersion = 10.0.40219.1
Project("{FAE04EC0-301F-11D3-BF4B-00C04F79EFBC}") = "Module-3-Challenges", "Module-3-Challenges.csproj", "{DD1CD780-D56B-4EF0-8130-0E7C706D494C}"
EndProject
Global
	GlobalSection(SolutionConfigurationPlatforms) = preSolution
		Debug|Any CPU = Debug|Any CPU
		Release|Any CPU = Release|Any CPU
	EndGlobalSection
	GlobalSection(ProjectConfigurationPlatforms) = postSolution
		{DD1CD780-D56B-4EF0-8130-0E7C706D494C}.Debug|Any CPU.ActiveCfg = Debug|Any CPU
		{DD1CD780-D56B-4EF0-8130-0E7C706D494C}.Debug|Any CPU.Build.0 = Debug|Any CPU
		{DD1CD780-D56B-4EF0-8130-0E7C706D494C}.Release|Any CPU.ActiveCfg = Release|Any CPU
		{DD1CD780-D56B-4EF0-8130-0E7C706D494C}.Release|Any CPU.Build.0 = Release|Any CPU
	EndGlobalSection
	GlobalSection(SolutionProperties) = preSolution
		HideSolutionNode = FALSE
	EndGlobalSection
	GlobalSection(ExtensibilityGlobals) = postSolution
		SolutionGuid = {FD81B86C-E715-4497-85F7-1C3C00E8BAEA}
	EndGlobalSection
EndGlobal
