
Microsoft Visual Studio Solution File, Format Version 12.00
# Visual Studio Version 17
VisualStudioVersion = 17.11.35312.102
MinimumVisualStudioVersion = 10.0.40219.1
Project("{FAE04EC0-301F-11D3-BF4B-00C04F79EFBC}") = "Vector-basics", "Vector-basics.csproj", "{AE70450E-0F7A-42A7-A7B1-78B1FD49D97B}"
EndProject
Global
	GlobalSection(SolutionConfigurationPlatforms) = preSolution
		Debug|Any CPU = Debug|Any CPU
		Release|Any CPU = Release|Any CPU
	EndGlobalSection
	GlobalSection(ProjectConfigurationPlatforms) = postSolution
		{AE70450E-0F7A-42A7-A7B1-78B1FD49D97B}.Debug|Any CPU.ActiveCfg = Debug|Any CPU
		{AE70450E-0F7A-42A7-A7B1-78B1FD49D97B}.Debug|Any CPU.Build.0 = Debug|Any CPU
		{AE70450E-0F7A-42A7-A7B1-78B1FD49D97B}.Release|Any CPU.ActiveCfg = Release|Any CPU
		{AE70450E-0F7A-42A7-A7B1-78B1FD49D97B}.Release|Any CPU.Build.0 = Release|Any CPU
	EndGlobalSection
	GlobalSection(SolutionProperties) = preSolution
		HideSolutionNode = FALSE
	EndGlobalSection
	GlobalSection(ExtensibilityGlobals) = postSolution
		SolutionGuid = {2FCAC454-06BC-4E66-8159-B436A47F22D7}
	EndGlobalSection
EndGlobal
